
Microsoft Visual Studio Solution File, Format Version 12.00
# Visual Studio Version 17
VisualStudioVersion = 17.4.33103.184
MinimumVisualStudioVersion = 10.0.40219.1
Project("{FAE04EC0-301F-11D3-BF4B-00C04F79EFBC}") = "InLock", "InLock\InLock.csproj", "{5FBB5F67-0573-4AF5-AB8B-A401867DC80B}"
EndProject
Global
	GlobalSection(SolutionConfigurationPlatforms) = preSolution
		Debug|Any CPU = Debug|Any CPU
		Release|Any CPU = Release|Any CPU
	EndGlobalSection
	GlobalSection(ProjectConfigurationPlatforms) = postSolution
		{5FBB5F67-0573-4AF5-AB8B-A401867DC80B}.Debug|Any CPU.ActiveCfg = Debug|Any CPU
		{5FBB5F67-0573-4AF5-AB8B-A401867DC80B}.Debug|Any CPU.Build.0 = Debug|Any CPU
		{5FBB5F67-0573-4AF5-AB8B-A401867DC80B}.Release|Any CPU.ActiveCfg = Release|Any CPU
		{5FBB5F67-0573-4AF5-AB8B-A401867DC80B}.Release|Any CPU.Build.0 = Release|Any CPU
	EndGlobalSection
	GlobalSection(SolutionProperties) = preSolution
		HideSolutionNode = FALSE
	EndGlobalSection
	GlobalSection(ExtensibilityGlobals) = postSolution
		SolutionGuid = {7182861E-DC79-45F3-9C90-9D973C9E4847}
	EndGlobalSection
EndGlobal
